// !$*UTF8*$!
{
	archiveVersion = 1;
	classes = {
	};
	objectVersion = 77;
	objects = {

/* Begin PBXContainerItemProxy section */
		D3DEA1F02DD8D2C100E518A5 /* PBXContainerItemProxy */ = {
			isa = PBXContainerItemProxy;
			containerPortal = D3DEA1D72DD8D2BF00E518A5 /* Project object */;
			proxyType = 1;
			remoteGlobalIDString = D3DEA1DE2DD8D2BF00E518A5;
			remoteInfo = "Time Machine";
		};
		D3DEA1FA2DD8D2C100E518A5 /* PBXContainerItemProxy */ = {
			isa = PBXContainerItemProxy;
			containerPortal = D3DEA1D72DD8D2BF00E518A5 /* Project object */;
			proxyType = 1;
			remoteGlobalIDString = D3DEA1DE2DD8D2BF00E518A5;
			remoteInfo = "Time Machine";
		};
/* End PBXContainerItemProxy section */

/* Begin PBXFileReference section */
		D3DEA1DF2DD8D2BF00E518A5 /* Time Machine.app */ = {isa = PBXFileReference; explicitFileType = wrapper.application; includeInIndex = 0; path = "Time Machine.app"; sourceTree = BUILT_PRODUCTS_DIR; };
		D3DEA1EF2DD8D2C100E518A5 /* Time MachineTests.xctest */ = {isa = PBXFileReference; explicitFileType = wrapper.cfbundle; includeInIndex = 0; path = "Time MachineTests.xctest"; sourceTree = BUILT_PRODUCTS_DIR; };
		D3DEA1F92DD8D2C100E518A5 /* Time MachineUITests.xctest */ = {isa = PBXFileReference; explicitFileType = wrapper.cfbundle; includeInIndex = 0; path = "Time MachineUITests.xctest"; sourceTree = BUILT_PRODUCTS_DIR; };
/* End PBXFileReference section */

/* Begin PBXFileSystemSynchronizedRootGroup section */
		D3DEA1E12DD8D2BF00E518A5 /* Time Machine */ = {
			isa = PBXFileSystemSynchronizedRootGroup;
			path = "Time Machine";
			sourceTree = "<group>";
		};
		D3DEA1F22DD8D2C100E518A5 /* Time MachineTests */ = {
			isa = PBXFileSystemSynchronizedRootGroup;
			path = "Time MachineTests";
			sourceTree = "<group>";
		};
		D3DEA1FC2DD8D2C100E518A5 /* Time MachineUITests */ = {
			isa = PBXFileSystemSynchronizedRootGroup;
			path = "Time MachineUITests";
			sourceTree = "<group>";
		};
/* End PBXFileSystemSynchronizedRootGroup section */

/* Begin PBXFrameworksBuildPhase section */
		D3DEA1DC2DD8D2BF00E518A5 /* Frameworks */ = {
			isa = PBXFrameworksBuildPhase;
			buildActionMask = 2147483647;
			files = (
			);
			runOnlyForDeploymentPostprocessing = 0;
		};
		D3DEA1EC2DD8D2C100E518A5 /* Frameworks */ = {
			isa = PBXFrameworksBuildPhase;
			buildActionMask = 2147483647;
			files = (
			);
			runOnlyForDeploymentPostprocessing = 0;
		};
		D3DEA1F62DD8D2C100E518A5 /* Frameworks */ = {
			isa = PBXFrameworksBuildPhase;
			buildActionMask = 2147483647;
			files = (
			);
			runOnlyForDeploymentPostprocessing = 0;
		};
/* End PBXFrameworksBuildPhase section */

/* Begin PBXGroup section */
		D3DEA1D62DD8D2BF00E518A5 = {
			isa = PBXGroup;
			children = (
				D3DEA1E12DD8D2BF00E518A5 /* Time Machine */,
				D3DEA1F22DD8D2C100E518A5 /* Time MachineTests */,
				D3DEA1FC2DD8D2C100E518A5 /* Time MachineUITests */,
				D3DEA1E02DD8D2BF00E518A5 /* Products */,
			);
			sourceTree = "<group>";
		};
		D3DEA1E02DD8D2BF00E518A5 /* Products */ = {
			isa = PBXGroup;
			children = (
				D3DEA1DF2DD8D2BF00E518A5 /* Time Machine.app */,
				D3DEA1EF2DD8D2C100E518A5 /* Time MachineTests.xctest */,
				D3DEA1F92DD8D2C100E518A5 /* Time MachineUITests.xctest */,
			);
			name = Products;
			sourceTree = "<group>";
		};
/* End PBXGroup section */

/* Begin PBXNativeTarget section */
		D3DEA1DE2DD8D2BF00E518A5 /* Time Machine */ = {
			isa = PBXNativeTarget;
			buildConfigurationList = D3DEA2032DD8D2C100E518A5 /* Build configuration list for PBXNativeTarget "Time Machine" */;
			buildPhases = (
				D3DEA1DB2DD8D2BF00E518A5 /* Sources */,
				D3DEA1DC2DD8D2BF00E518A5 /* Frameworks */,
				D3DEA1DD2DD8D2BF00E518A5 /* Resources */,
			);
			buildRules = (
			);
			dependencies = (
			);
			fileSystemSynchronizedGroups = (
				D3DEA1E12DD8D2BF00E518A5 /* Time Machine */,
			);
			name = "Time Machine";
			packageProductDependencies = (
			);
			productName = "Time Machine";
			productReference = D3DEA1DF2DD8D2BF00E518A5 /* Time Machine.app */;
			productType = "com.apple.product-type.application";
		};
		D3DEA1EE2DD8D2C100E518A5 /* Time MachineTests */ = {
			isa = PBXNativeTarget;
			buildConfigurationList = D3DEA2062DD8D2C100E518A5 /* Build configuration list for PBXNativeTarget "Time MachineTests" */;
			buildPhases = (
				D3DEA1EB2DD8D2C100E518A5 /* Sources */,
				D3DEA1EC2DD8D2C100E518A5 /* Frameworks */,
				D3DEA1ED2DD8D2C100E518A5 /* Resources */,
			);
			buildRules = (
			);
			dependencies = (
				D3DEA1F12DD8D2C100E518A5 /* PBXTargetDependency */,
			);
			fileSystemSynchronizedGroups = (
				D3DEA1F22DD8D2C100E518A5 /* Time MachineTests */,
			);
			name = "Time MachineTests";
			packageProductDependencies = (
			);
			productName = "Time MachineTests";
			productReference = D3DEA1EF2DD8D2C100E518A5 /* Time MachineTests.xctest */;
			productType = "com.apple.product-type.bundle.unit-test";
		};
		D3DEA1F82DD8D2C100E518A5 /* Time MachineUITests */ = {
			isa = PBXNativeTarget;
			buildConfigurationList = D3DEA2092DD8D2C100E518A5 /* Build configuration list for PBXNativeTarget "Time MachineUITests" */;
			buildPhases = (
				D3DEA1F52DD8D2C100E518A5 /* Sources */,
				D3DEA1F62DD8D2C100E518A5 /* Frameworks */,
				D3DEA1F72DD8D2C100E518A5 /* Resources */,
			);
			buildRules = (
			);
			dependencies = (
				D3DEA1FB2DD8D2C100E518A5 /* PBXTargetDependency */,
			);
			fileSystemSynchronizedGroups = (
				D3DEA1FC2DD8D2C100E518A5 /* Time MachineUITests */,
			);
			name = "Time MachineUITests";
			packageProductDependencies = (
			);
			productName = "Time MachineUITests";
			productReference = D3DEA1F92DD8D2C100E518A5 /* Time MachineUITests.xctest */;
			productType = "com.apple.product-type.bundle.ui-testing";
		};
/* End PBXNativeTarget section */

/* Begin PBXProject section */
		D3DEA1D72DD8D2BF00E518A5 /* Project object */ = {
			isa = PBXProject;
			attributes = {
				BuildIndependentTargetsInParallel = 1;
				LastSwiftUpdateCheck = 1610;
				LastUpgradeCheck = 1610;
				TargetAttributes = {
					D3DEA1DE2DD8D2BF00E518A5 = {
						CreatedOnToolsVersion = 16.1;
					};
					D3DEA1EE2DD8D2C100E518A5 = {
						CreatedOnToolsVersion = 16.1;
						TestTargetID = D3DEA1DE2DD8D2BF00E518A5;
					};
					D3DEA1F82DD8D2C100E518A5 = {
						CreatedOnToolsVersion = 16.1;
						TestTargetID = D3DEA1DE2DD8D2BF00E518A5;
					};
				};
			};
			buildConfigurationList = D3DEA1DA2DD8D2BF00E518A5 /* Build configuration list for PBXProject "Time Machine" */;
			developmentRegion = en;
			hasScannedForEncodings = 0;
			knownRegions = (
				en,
				Base,
			);
			mainGroup = D3DEA1D62DD8D2BF00E518A5;
			minimizedProjectReferenceProxies = 1;
			preferredProjectObjectVersion = 77;
			productRefGroup = D3DEA1E02DD8D2BF00E518A5 /* Products */;
			projectDirPath = "";
			projectRoot = "";
			targets = (
				D3DEA1DE2DD8D2BF00E518A5 /* Time Machine */,
				D3DEA1EE2DD8D2C100E518A5 /* Time MachineTests */,
				D3DEA1F82DD8D2C100E518A5 /* Time MachineUITests */,
			);
		};
/* End PBXProject section */

/* Begin PBXResourcesBuildPhase section */
		D3DEA1DD2DD8D2BF00E518A5 /* Resources */ = {
			isa = PBXResourcesBuildPhase;
			buildActionMask = 2147483647;
			files = (
			);
			runOnlyForDeploymentPostprocessing = 0;
		};
		D3DEA1ED2DD8D2C100E518A5 /* Resources */ = {
			isa = PBXResourcesBuildPhase;
			buildActionMask = 2147483647;
			files = (
			);
			runOnlyForDeploymentPostprocessing = 0;
		};
		D3DEA1F72DD8D2C100E518A5 /* Resources */ = {
			isa = PBXResourcesBuildPhase;
			buildActionMask = 2147483647;
			files = (
			);
			runOnlyForDeploymentPostprocessing = 0;
		};
/* End PBXResourcesBuildPhase section */

/* Begin PBXSourcesBuildPhase section */
		D3DEA1DB2DD8D2BF00E518A5 /* Sources */ = {
			isa = PBXSourcesBuildPhase;
			buildActionMask = 2147483647;
			files = (
			);
			runOnlyForDeploymentPostprocessing = 0;
		};
		D3DEA1EB2DD8D2C100E518A5 /* Sources */ = {
			isa = PBXSourcesBuildPhase;
			buildActionMask = 2147483647;
			files = (
			);
			runOnlyForDeploymentPostprocessing = 0;
		};
		D3DEA1F52DD8D2C100E518A5 /* Sources */ = {
			isa = PBXSourcesBuildPhase;
			buildActionMask = 2147483647;
			files = (
			);
			runOnlyForDeploymentPostprocessing = 0;
		};
/* End PBXSourcesBuildPhase section */

/* Begin PBXTargetDependency section */
		D3DEA1F12DD8D2C100E518A5 /* PBXTargetDependency */ = {
			isa = PBXTargetDependency;
			target = D3DEA1DE2DD8D2BF00E518A5 /* Time Machine */;
			targetProxy = D3DEA1F02DD8D2C100E518A5 /* PBXContainerItemProxy */;
		};
		D3DEA1FB2DD8D2C100E518A5 /* PBXTargetDependency */ = {
			isa = PBXTargetDependency;
			target = D3DEA1DE2DD8D2BF00E518A5 /* Time Machine */;
			targetProxy = D3DEA1FA2DD8D2C100E518A5 /* PBXContainerItemProxy */;
		};
/* End PBXTargetDependency section */

/* Begin XCBuildConfiguration section */
		D3DEA2012DD8D2C100E518A5 /* Debug */ = {
			isa = XCBuildConfiguration;
			buildSettings = {
				ALWAYS_SEARCH_USER_PATHS = NO;
				ASSETCATALOG_COMPILER_GENERATE_SWIFT_ASSET_SYMBOL_EXTENSIONS = YES;
				CLANG_ANALYZER_NONNULL = YES;
				CLANG_ANALYZER_NUMBER_OBJECT_CONVERSION = YES_AGGRESSIVE;
				CLANG_CXX_LANGUAGE_STANDARD = "gnu++20";
				CLANG_ENABLE_MODULES = YES;
				CLANG_ENABLE_OBJC_ARC = YES;
				CLANG_ENABLE_OBJC_WEAK = YES;
				CLANG_WARN_BLOCK_CAPTURE_AUTORELEASING = YES;
				CLANG_WARN_BOOL_CONVERSION = YES;
				CLANG_WARN_COMMA = YES;
				CLANG_WARN_CONSTANT_CONVERSION = YES;
				CLANG_WARN_DEPRECATED_OBJC_IMPLEMENTATIONS = YES;
				CLANG_WARN_DIRECT_OBJC_ISA_USAGE = YES_ERROR;
				CLANG_WARN_DOCUMENTATION_COMMENTS = YES;
				CLANG_WARN_EMPTY_BODY = YES;
				CLANG_WARN_ENUM_CONVERSION = YES;
				CLANG_WARN_INFINITE_RECURSION = YES;
				CLANG_WARN_INT_CONVERSION = YES;
				CLANG_WARN_NON_LITERAL_NULL_CONVERSION = YES;
				CLANG_WARN_OBJC_IMPLICIT_RETAIN_SELF = YES;
				CLANG_WARN_OBJC_LITERAL_CONVERSION = YES;
				CLANG_WARN_OBJC_ROOT_CLASS = YES_ERROR;
				CLANG_WARN_QUOTED_INCLUDE_IN_FRAMEWORK_HEADER = YES;
				CLANG_WARN_RANGE_LOOP_ANALYSIS = YES;
				CLANG_WARN_STRICT_PROTOTYPES = YES;
				CLANG_WARN_SUSPICIOUS_MOVE = YES;
				CLANG_WARN_UNGUARDED_AVAILABILITY = YES_AGGRESSIVE;
				CLANG_WARN_UNREACHABLE_CODE = YES;
				CLANG_WARN__DUPLICATE_METHOD_MATCH = YES;
				COPY_PHASE_STRIP = NO;
				DEBUG_INFORMATION_FORMAT = dwarf;
				ENABLE_STRICT_OBJC_MSGSEND = YES;
				ENABLE_TESTABILITY = YES;
				ENABLE_USER_SCRIPT_SANDBOXING = YES;
				GCC_C_LANGUAGE_STANDARD = gnu17;
				GCC_DYNAMIC_NO_PIC = NO;
				GCC_NO_COMMON_BLOCKS = YES;
				GCC_OPTIMIZATION_LEVEL = 0;
				GCC_PREPROCESSOR_DEFINITIONS = (
					"DEBUG=1",
					"$(inherited)",
				);
				GCC_WARN_64_TO_32_BIT_CONVERSION = YES;
				GCC_WARN_ABOUT_RETURN_TYPE = YES_ERROR;
				GCC_WARN_UNDECLARED_SELECTOR = YES;
				GCC_WARN_UNINITIALIZED_AUTOS = YES_AGGRESSIVE;
				GCC_WARN_UNUSED_FUNCTION = YES;
				GCC_WARN_UNUSED_VARIABLE = YES;
				IPHONEOS_DEPLOYMENT_TARGET = 18.1;
				LOCALIZATION_PREFERS_STRING_CATALOGS = YES;
				MTL_ENABLE_DEBUG_INFO = INCLUDE_SOURCE;
				MTL_FAST_MATH = YES;
				ONLY_ACTIVE_ARCH = YES;
				SDKROOT = iphoneos;
				SWIFT_ACTIVE_COMPILATION_CONDITIONS = "DEBUG $(inherited)";
				SWIFT_OPTIMIZATION_LEVEL = "-Onone";
			};
			name = Debug;
		};
		D3DEA2022DD8D2C100E518A5 /* Release */ = {
			isa = XCBuildConfiguration;
			buildSettings = {
				ALWAYS_SEARCH_USER_PATHS = NO;
				ASSETCATALOG_COMPILER_GENERATE_SWIFT_ASSET_SYMBOL_EXTENSIONS = YES;
				CLANG_ANALYZER_NONNULL = YES;
				CLANG_ANALYZER_NUMBER_OBJECT_CONVERSION = YES_AGGRESSIVE;
				CLANG_CXX_LANGUAGE_STANDARD = "gnu++20";
				CLANG_ENABLE_MODULES = YES;
				CLANG_ENABLE_OBJC_ARC = YES;
				CLANG_ENABLE_OBJC_WEAK = YES;
				CLANG_WARN_BLOCK_CAPTURE_AUTORELEASING = YES;
				CLANG_WARN_BOOL_CONVERSION = YES;
				CLANG_WARN_COMMA = YES;
				CLANG_WARN_CONSTANT_CONVERSION = YES;
				CLANG_WARN_DEPRECATED_OBJC_IMPLEMENTATIONS = YES;
				CLANG_WARN_DIRECT_OBJC_ISA_USAGE = YES_ERROR;
				CLANG_WARN_DOCUMENTATION_COMMENTS = YES;
				CLANG_WARN_EMPTY_BODY = YES;
				CLANG_WARN_ENUM_CONVERSION = YES;
				CLANG_WARN_INFINITE_RECURSION = YES;
				CLANG_WARN_INT_CONVERSION = YES;
				CLANG_WARN_NON_LITERAL_NULL_CONVERSION = YES;
				CLANG_WARN_OBJC_IMPLICIT_RETAIN_SELF = YES;
				CLANG_WARN_OBJC_LITERAL_CONVERSION = YES;
				CLANG_WARN_OBJC_ROOT_CLASS = YES_ERROR;
				CLANG_WARN_QUOTED_INCLUDE_IN_FRAMEWORK_HEADER = YES;
				CLANG_WARN_RANGE_LOOP_ANALYSIS = YES;
				CLANG_WARN_STRICT_PROTOTYPES = YES;
				CLANG_WARN_SUSPICIOUS_MOVE = YES;
				CLANG_WARN_UNGUARDED_AVAILABILITY = YES_AGGRESSIVE;
				CLANG_WARN_UNREACHABLE_CODE = YES;
				CLANG_WARN__DUPLICATE_METHOD_MATCH = YES;
				COPY_PHASE_STRIP = NO;
				DEBUG_INFORMATION_FORMAT = "dwarf-with-dsym";
				ENABLE_NS_ASSERTIONS = NO;
				ENABLE_STRICT_OBJC_MSGSEND = YES;
				ENABLE_USER_SCRIPT_SANDBOXING = YES;
				GCC_C_LANGUAGE_STANDARD = gnu17;
				GCC_NO_COMMON_BLOCKS = YES;
				GCC_WARN_64_TO_32_BIT_CONVERSION = YES;
				GCC_WARN_ABOUT_RETURN_TYPE = YES_ERROR;
				GCC_WARN_UNDECLARED_SELECTOR = YES;
				GCC_WARN_UNINITIALIZED_AUTOS = YES_AGGRESSIVE;
				GCC_WARN_UNUSED_FUNCTION = YES;
				GCC_WARN_UNUSED_VARIABLE = YES;
				IPHONEOS_DEPLOYMENT_TARGET = 18.1;
				LOCALIZATION_PREFERS_STRING_CATALOGS = YES;
				MTL_ENABLE_DEBUG_INFO = NO;
				MTL_FAST_MATH = YES;
				SDKROOT = iphoneos;
				SWIFT_COMPILATION_MODE = wholemodule;
				VALIDATE_PRODUCT = YES;
			};
			name = Release;
		};
		D3DEA2042DD8D2C100E518A5 /* Debug */ = {
			isa = XCBuildConfiguration;
			buildSettings = {
				ASSETCATALOG_COMPILER_APPICON_NAME = AppIcon;
				ASSETCATALOG_COMPILER_GLOBAL_ACCENT_COLOR_NAME = AccentColor;
				CODE_SIGN_STYLE = Automatic;
				CURRENT_PROJECT_VERSION = 1;
				DEVELOPMENT_ASSET_PATHS = "\"Time Machine/Preview Content\"";
				DEVELOPMENT_TEAM = 63QK22533J;
				ENABLE_PREVIEWS = YES;
				GENERATE_INFOPLIST_FILE = YES;
				INFOPLIST_KEY_UIApplicationSceneManifest_Generation = YES;
				INFOPLIST_KEY_UIApplicationSupportsIndirectInputEvents = YES;
				INFOPLIST_KEY_UILaunchScreen_Generation = YES;
				INFOPLIST_KEY_UISupportedInterfaceOrientations_iPad = "UIInterfaceOrientationPortrait UIInterfaceOrientationPortraitUpsideDown UIInterfaceOrientationLandscapeLeft UIInterfaceOrientationLandscapeRight";
				INFOPLIST_KEY_UISupportedInterfaceOrientations_iPhone = "UIInterfaceOrientationPortrait UIInterfaceOrientationLandscapeLeft UIInterfaceOrientationLandscapeRight";
				LD_RUNPATH_SEARCH_PATHS = (
					"$(inherited)",
					"@executable_path/Frameworks",
				);
				MARKETING_VERSION = 1.0;
				PRODUCT_BUNDLE_IDENTIFIER = "com.aryanmathur.Time-Machine";
				PRODUCT_NAME = "$(TARGET_NAME)";
				SWIFT_EMIT_LOC_STRINGS = YES;
				SWIFT_VERSION = 5.0;
				TARGETED_DEVICE_FAMILY = "1,2";
			};
			name = Debug;
		};
		D3DEA2052DD8D2C100E518A5 /* Release */ = {
			isa = XCBuildConfiguration;
			buildSettings = {
				ASSETCATALOG_COMPILER_APPICON_NAME = AppIcon;
				ASSETCATALOG_COMPILER_GLOBAL_ACCENT_COLOR_NAME = AccentColor;
				CODE_SIGN_STYLE = Automatic;
				CURRENT_PROJECT_VERSION = 1;
				DEVELOPMENT_ASSET_PATHS = "\"Time Machine/Preview Content\"";
				DEVELOPMENT_TEAM = 63QK22533J;
				ENABLE_PREVIEWS = YES;
				GENERATE_INFOPLIST_FILE = YES;
				INFOPLIST_KEY_UIApplicationSceneManifest_Generation = YES;
				INFOPLIST_KEY_UIApplicationSupportsIndirectInputEvents = YES;
				INFOPLIST_KEY_UILaunchScreen_Generation = YES;
				INFOPLIST_KEY_UISupportedInterfaceOrientations_iPad = "UIInterfaceOrientationPortrait UIInterfaceOrientationPortraitUpsideDown UIInterfaceOrientationLandscapeLeft UIInterfaceOrientationLandscapeRight";
				INFOPLIST_KEY_UISupportedInterfaceOrientations_iPhone = "UIInterfaceOrientationPortrait UIInterfaceOrientationLandscapeLeft UIInterfaceOrientationLandscapeRight";
				LD_RUNPATH_SEARCH_PATHS = (
					"$(inherited)",
					"@executable_path/Frameworks",
				);
				MARKETING_VERSION = 1.0;
				PRODUCT_BUNDLE_IDENTIFIER = "com.aryanmathur.Time-Machine";
				PRODUCT_NAME = "$(TARGET_NAME)";
				SWIFT_EMIT_LOC_STRINGS = YES;
				SWIFT_VERSION = 5.0;
				TARGETED_DEVICE_FAMILY = "1,2";
			};
			name = Release;
		};
		D3DEA2072DD8D2C100E518A5 /* Debug */ = {
			isa = XCBuildConfiguration;
			buildSettings = {
				BUNDLE_LOADER = "$(TEST_HOST)";
				CODE_SIGN_STYLE = Automatic;
				CURRENT_PROJECT_VERSION = 1;
				DEVELOPMENT_TEAM = 63QK22533J;
				GENERATE_INFOPLIST_FILE = YES;
				IPHONEOS_DEPLOYMENT_TARGET = 18.1;
				MARKETING_VERSION = 1.0;
				PRODUCT_BUNDLE_IDENTIFIER = "com.aryanmathur.Time-MachineTests";
				PRODUCT_NAME = "$(TARGET_NAME)";
				SWIFT_EMIT_LOC_STRINGS = NO;
				SWIFT_VERSION = 5.0;
				TARGETED_DEVICE_FAMILY = "1,2";
				TEST_HOST = "$(BUILT_PRODUCTS_DIR)/Time Machine.app/$(BUNDLE_EXECUTABLE_FOLDER_PATH)/Time Machine";
			};
			name = Debug;
		};
		D3DEA2082DD8D2C100E518A5 /* Release */ = {
			isa = XCBuildConfiguration;
			buildSettings = {
				BUNDLE_LOADER = "$(TEST_HOST)";
				CODE_SIGN_STYLE = Automatic;
				CURRENT_PROJECT_VERSION = 1;
				DEVELOPMENT_TEAM = 63QK22533J;
				GENERATE_INFOPLIST_FILE = YES;
				IPHONEOS_DEPLOYMENT_TARGET = 18.1;
				MARKETING_VERSION = 1.0;
				PRODUCT_BUNDLE_IDENTIFIER = "com.aryanmathur.Time-MachineTests";
				PRODUCT_NAME = "$(TARGET_NAME)";
				SWIFT_EMIT_LOC_STRINGS = NO;
				SWIFT_VERSION = 5.0;
				TARGETED_DEVICE_FAMILY = "1,2";
				TEST_HOST = "$(BUILT_PRODUCTS_DIR)/Time Machine.app/$(BUNDLE_EXECUTABLE_FOLDER_PATH)/Time Machine";
			};
			name = Release;
		};
		D3DEA20A2DD8D2C100E518A5 /* Debug */ = {
			isa = XCBuildConfiguration;
			buildSettings = {
				CODE_SIGN_STYLE = Automatic;
				CURRENT_PROJECT_VERSION = 1;
				DEVELOPMENT_TEAM = 63QK22533J;
				GENERATE_INFOPLIST_FILE = YES;
				MARKETING_VERSION = 1.0;
				PRODUCT_BUNDLE_IDENTIFIER = "com.aryanmathur.Time-MachineUITests";
				PRODUCT_NAME = "$(TARGET_NAME)";
				SWIFT_EMIT_LOC_STRINGS = NO;
				SWIFT_VERSION = 5.0;
				TARGETED_DEVICE_FAMILY = "1,2";
				TEST_TARGET_NAME = "Time Machine";
			};
			name = Debug;
		};
		D3DEA20B2DD8D2C100E518A5 /* Release */ = {
			isa = XCBuildConfiguration;
			buildSettings = {
				CODE_SIGN_STYLE = Automatic;
				CURRENT_PROJECT_VERSION = 1;
				DEVELOPMENT_TEAM = 63QK22533J;
				GENERATE_INFOPLIST_FILE = YES;
				MARKETING_VERSION = 1.0;
				PRODUCT_BUNDLE_IDENTIFIER = "com.aryanmathur.Time-MachineUITests";
				PRODUCT_NAME = "$(TARGET_NAME)";
				SWIFT_EMIT_LOC_STRINGS = NO;
				SWIFT_VERSION = 5.0;
				TARGETED_DEVICE_FAMILY = "1,2";
				TEST_TARGET_NAME = "Time Machine";
			};
			name = Release;
		};
/* End XCBuildConfiguration section */

/* Begin XCConfigurationList section */
		D3DEA1DA2DD8D2BF00E518A5 /* Build configuration list for PBXProject "Time Machine" */ = {
			isa = XCConfigurationList;
			buildConfigurations = (
				D3DEA2012DD8D2C100E518A5 /* Debug */,
				D3DEA2022DD8D2C100E518A5 /* Release */,
			);
			defaultConfigurationIsVisible = 0;
			defaultConfigurationName = Release;
		};
		D3DEA2032DD8D2C100E518A5 /* Build configuration list for PBXNativeTarget "Time Machine" */ = {
			isa = XCConfigurationList;
			buildConfigurations = (
				D3DEA2042DD8D2C100E518A5 /* Debug */,
				D3DEA2052DD8D2C100E518A5 /* Release */,
			);
			defaultConfigurationIsVisible = 0;
			defaultConfigurationName = Release;
		};
		D3DEA2062DD8D2C100E518A5 /* Build configuration list for PBXNativeTarget "Time MachineTests" */ = {
			isa = XCConfigurationList;
			buildConfigurations = (
				D3DEA2072DD8D2C100E518A5 /* Debug */,
				D3DEA2082DD8D2C100E518A5 /* Release */,
			);
			defaultConfigurationIsVisible = 0;
			defaultConfigurationName = Release;
		};
		D3DEA2092DD8D2C100E518A5 /* Build configuration list for PBXNativeTarget "Time MachineUITests" */ = {
			isa = XCConfigurationList;
			buildConfigurations = (
				D3DEA20A2DD8D2C100E518A5 /* Debug */,
				D3DEA20B2DD8D2C100E518A5 /* Release */,
			);
			defaultConfigurationIsVisible = 0;
			defaultConfigurationName = Release;
		};
/* End XCConfigurationList section */
	};
	rootObject = D3DEA1D72DD8D2BF00E518A5 /* Project object */;
}
